// !$*UTF8*$!
{
	archiveVersion = 1;
	classes = {
	};
	objectVersion = 50;
	objects = {

/* Begin PBXBuildFile section */
		D3082C7E2598D78D00C4AE66 /* AppDelegate.swift in Sources */ = {isa = PBXBuildFile; fileRef = D3082C7D2598D78D00C4AE66 /* AppDelegate.swift */; };
		D3082C802598D78D00C4AE66 /* SceneDelegate.swift in Sources */ = {isa = PBXBuildFile; fileRef = D3082C7F2598D78D00C4AE66 /* SceneDelegate.swift */; };
		D3082C822598D78D00C4AE66 /* ViewController.swift in Sources */ = {isa = PBXBuildFile; fileRef = D3082C812598D78D00C4AE66 /* ViewController.swift */; };
		D3082C852598D78D00C4AE66 /* Main.storyboard in Resources */ = {isa = PBXBuildFile; fileRef = D3082C832598D78D00C4AE66 /* Main.storyboard */; };
		D3082C872598D78F00C4AE66 /* Assets.xcassets in Resources */ = {isa = PBXBuildFile; fileRef = D3082C862598D78F00C4AE66 /* Assets.xcassets */; };
		D3082C8A2598D78F00C4AE66 /* LaunchScreen.storyboard in Resources */ = {isa = PBXBuildFile; fileRef = D3082C882598D78F00C4AE66 /* LaunchScreen.storyboard */; };
/* End PBXBuildFile section */

/* Begin PBXFileReference section */
		D3082C7A2598D78D00C4AE66 /* HWSproject.app */ = {isa = PBXFileReference; explicitFileType = wrapper.application; includeInIndex = 0; path = HWSproject.app; sourceTree = BUILT_PRODUCTS_DIR; };
		D3082C7D2598D78D00C4AE66 /* AppDelegate.swift */ = {isa = PBXFileReference; lastKnownFileType = sourcecode.swift; path = AppDelegate.swift; sourceTree = "<group>"; };
		D3082C7F2598D78D00C4AE66 /* SceneDelegate.swift */ = {isa = PBXFileReference; lastKnownFileType = sourcecode.swift; path = SceneDelegate.swift; sourceTree = "<group>"; };
		D3082C812598D78D00C4AE66 /* ViewController.swift */ = {isa = PBXFileReference; lastKnownFileType = sourcecode.swift; path = ViewController.swift; sourceTree = "<group>"; };
		D3082C842598D78D00C4AE66 /* Base */ = {isa = PBXFileReference; lastKnownFileType = file.storyboard; name = Base; path = Base.lproj/Main.storyboard; sourceTree = "<group>"; };
		D3082C862598D78F00C4AE66 /* Assets.xcassets */ = {isa = PBXFileReference; lastKnownFileType = folder.assetcatalog; path = Assets.xcassets; sourceTree = "<group>"; };
		D3082C892598D78F00C4AE66 /* Base */ = {isa = PBXFileReference; lastKnownFileType = file.storyboard; name = Base; path = Base.lproj/LaunchScreen.storyboard; sourceTree = "<group>"; };
		D3082C8B2598D78F00C4AE66 /* Info.plist */ = {isa = PBXFileReference; lastKnownFileType = text.plist.xml; path = Info.plist; sourceTree = "<group>"; };
/* End PBXFileReference section */

/* Begin PBXFrameworksBuildPhase section */
		D3082C772598D78D00C4AE66 /* Frameworks */ = {
			isa = PBXFrameworksBuildPhase;
			buildActionMask = 2147483647;
			files = (
			);
			runOnlyForDeploymentPostprocessing = 0;
		};
/* End PBXFrameworksBuildPhase section */

/* Begin PBXGroup section */
		D3082C712598D78D00C4AE66 = {
			isa = PBXGroup;
			children = (
				D3082C7C2598D78D00C4AE66 /* HWSproject */,
				D3082C7B2598D78D00C4AE66 /* Products */,
			);
			sourceTree = "<group>";
		};
		D3082C7B2598D78D00C4AE66 /* Products */ = {
			isa = PBXGroup;
			children = (
				D3082C7A2598D78D00C4AE66 /* HWSproject.app */,
			);
			name = Products;
			sourceTree = "<group>";
		};
		D3082C7C2598D78D00C4AE66 /* HWSproject */ = {
			isa = PBXGroup;
			children = (
				D3082C7D2598D78D00C4AE66 /* AppDelegate.swift */,
				D3082C7F2598D78D00C4AE66 /* SceneDelegate.swift */,
				D3082C812598D78D00C4AE66 /* ViewController.swift */,
				D3082C832598D78D00C4AE66 /* Main.storyboard */,
				D3082C862598D78F00C4AE66 /* Assets.xcassets */,
				D3082C882598D78F00C4AE66 /* LaunchScreen.storyboard */,
				D3082C8B2598D78F00C4AE66 /* Info.plist */,
			);
			path = HWSproject;
			sourceTree = "<group>";
		};
/* End PBXGroup section */

/* Begin PBXNativeTarget section */
		D3082C792598D78D00C4AE66 /* HWSproject */ = {
			isa = PBXNativeTarget;
			buildConfigurationList = D3082C8E2598D78F00C4AE66 /* Build configuration list for PBXNativeTarget "HWSproject" */;
			buildPhases = (
				D3082C762598D78D00C4AE66 /* Sources */,
				D3082C772598D78D00C4AE66 /* Frameworks */,
				D3082C782598D78D00C4AE66 /* Resources */,
			);
			buildRules = (
			);
			dependencies = (
			);
			name = HWSproject;
			productName = HWSproject;
			productReference = D3082C7A2598D78D00C4AE66 /* HWSproject.app */;
			productType = "com.apple.product-type.application";
		};
/* End PBXNativeTarget section */

/* Begin PBXProject section */
		D3082C722598D78D00C4AE66 /* Project object */ = {
			isa = PBXProject;
			attributes = {
				LastSwiftUpdateCheck = 1210;
				LastUpgradeCheck = 1210;
				TargetAttributes = {
					D3082C792598D78D00C4AE66 = {
						CreatedOnToolsVersion = 12.1;
					};
				};
			};
			buildConfigurationList = D3082C752598D78D00C4AE66 /* Build configuration list for PBXProject "HWSproject" */;
			compatibilityVersion = "Xcode 9.3";
			developmentRegion = en;
			hasScannedForEncodings = 0;
			knownRegions = (
				en,
				Base,
			);
			mainGroup = D3082C712598D78D00C4AE66;
			productRefGroup = D3082C7B2598D78D00C4AE66 /* Products */;
			projectDirPath = "";
			projectRoot = "";
			targets = (
				D3082C792598D78D00C4AE66 /* HWSproject */,
			);
		};
/* End PBXProject section */

/* Begin PBXResourcesBuildPhase section */
		D3082C782598D78D00C4AE66 /* Resources */ = {
			isa = PBXResourcesBuildPhase;
			buildActionMask = 2147483647;
			files = (
				D3082C8A2598D78F00C4AE66 /* LaunchScreen.storyboard in Resources */,
				D3082C872598D78F00C4AE66 /* Assets.xcassets in Resources */,
				D3082C852598D78D00C4AE66 /* Main.storyboard in Resources */,
			);
			runOnlyForDeploymentPostprocessing = 0;
		};
/* End PBXResourcesBuildPhase section */

/* Begin PBXSourcesBuildPhase section */
		D3082C762598D78D00C4AE66 /* Sources */ = {
			isa = PBXSourcesBuildPhase;
			buildActionMask = 2147483647;
			files = (
				D3082C822598D78D00C4AE66 /* ViewController.swift in Sources */,
				D3082C7E2598D78D00C4AE66 /* AppDelegate.swift in Sources */,
				D3082C802598D78D00C4AE66 /* SceneDelegate.swift in Sources */,
			);
			runOnlyForDeploymentPostprocessing = 0;
		};
/* End PBXSourcesBuildPhase section */

/* Begin PBXVariantGroup section */
		D3082C832598D78D00C4AE66 /* Main.storyboard */ = {
			isa = PBXVariantGroup;
			children = (
				D3082C842598D78D00C4AE66 /* Base */,
			);
			name = Main.storyboard;
			sourceTree = "<group>";
		};
		D3082C882598D78F00C4AE66 /* LaunchScreen.storyboard */ = {
			isa = PBXVariantGroup;
			children = (
				D3082C892598D78F00C4AE66 /* Base */,
			);
			name = LaunchScreen.storyboard;
			sourceTree = "<group>";
		};
/* End PBXVariantGroup section */

/* Begin XCBuildConfiguration section */
		D3082C8C2598D78F00C4AE66 /* Debug */ = {
			isa = XCBuildConfiguration;
			buildSettings = {
				ALWAYS_SEARCH_USER_PATHS = NO;
				CLANG_ANALYZER_NONNULL = YES;
				CLANG_ANALYZER_NUMBER_OBJECT_CONVERSION = YES_AGGRESSIVE;
				CLANG_CXX_LANGUAGE_STANDARD = "gnu++14";
				CLANG_CXX_LIBRARY = "libc++";
				CLANG_ENABLE_MODULES = YES;
				CLANG_ENABLE_OBJC_ARC = YES;
				CLANG_ENABLE_OBJC_WEAK = YES;
				CLANG_WARN_BLOCK_CAPTURE_AUTORELEASING = YES;
				CLANG_WARN_BOOL_CONVERSION = YES;
				CLANG_WARN_COMMA = YES;
				CLANG_WARN_CONSTANT_CONVERSION = YES;
				CLANG_WARN_DEPRECATED_OBJC_IMPLEMENTATIONS = YES;
				CLANG_WARN_DIRECT_OBJC_ISA_USAGE = YES_ERROR;
				CLANG_WARN_DOCUMENTATION_COMMENTS = YES;
				CLANG_WARN_EMPTY_BODY = YES;
				CLANG_WARN_ENUM_CONVERSION = YES;
				CLANG_WARN_INFINITE_RECURSION = YES;
				CLANG_WARN_INT_CONVERSION = YES;
				CLANG_WARN_NON_LITERAL_NULL_CONVERSION = YES;
				CLANG_WARN_OBJC_IMPLICIT_RETAIN_SELF = YES;
				CLANG_WARN_OBJC_LITERAL_CONVERSION = YES;
				CLANG_WARN_OBJC_ROOT_CLASS = YES_ERROR;
				CLANG_WARN_QUOTED_INCLUDE_IN_FRAMEWORK_HEADER = YES;
				CLANG_WARN_RANGE_LOOP_ANALYSIS = YES;
				CLANG_WARN_STRICT_PROTOTYPES = YES;
				CLANG_WARN_SUSPICIOUS_MOVE = YES;
				CLANG_WARN_UNGUARDED_AVAILABILITY = YES_AGGRESSIVE;
				CLANG_WARN_UNREACHABLE_CODE = YES;
				CLANG_WARN__DUPLICATE_METHOD_MATCH = YES;
				COPY_PHASE_STRIP = NO;
				DEBUG_INFORMATION_FORMAT = dwarf;
				ENABLE_STRICT_OBJC_MSGSEND = YES;
				ENABLE_TESTABILITY = YES;
				GCC_C_LANGUAGE_STANDARD = gnu11;
				GCC_DYNAMIC_NO_PIC = NO;
				GCC_NO_COMMON_BLOCKS = YES;
				GCC_OPTIMIZATION_LEVEL = 0;
				GCC_PREPROCESSOR_DEFINITIONS = (
					"DEBUG=1",
					"$(inherited)",
				);
				GCC_WARN_64_TO_32_BIT_CONVERSION = YES;
				GCC_WARN_ABOUT_RETURN_TYPE = YES_ERROR;
				GCC_WARN_UNDECLARED_SELECTOR = YES;
				GCC_WARN_UNINITIALIZED_AUTOS = YES_AGGRESSIVE;
				GCC_WARN_UNUSED_FUNCTION = YES;
				GCC_WARN_UNUSED_VARIABLE = YES;
				IPHONEOS_DEPLOYMENT_TARGET = 14.1;
				MTL_ENABLE_DEBUG_INFO = INCLUDE_SOURCE;
				MTL_FAST_MATH = YES;
				ONLY_ACTIVE_ARCH = YES;
				SDKROOT = iphoneos;
				SWIFT_ACTIVE_COMPILATION_CONDITIONS = DEBUG;
				SWIFT_OPTIMIZATION_LEVEL = "-Onone";
			};
			name = Debug;
		};
		D3082C8D2598D78F00C4AE66 /* Release */ = {
			isa = XCBuildConfiguration;
			buildSettings = {
				ALWAYS_SEARCH_USER_PATHS = NO;
				CLANG_ANALYZER_NONNULL = YES;
				CLANG_ANALYZER_NUMBER_OBJECT_CONVERSION = YES_AGGRESSIVE;
				CLANG_CXX_LANGUAGE_STANDARD = "gnu++14";
				CLANG_CXX_LIBRARY = "libc++";
				CLANG_ENABLE_MODULES = YES;
				CLANG_ENABLE_OBJC_ARC = YES;
				CLANG_ENABLE_OBJC_WEAK = YES;
				CLANG_WARN_BLOCK_CAPTURE_AUTORELEASING = YES;
				CLANG_WARN_BOOL_CONVERSION = YES;
				CLANG_WARN_COMMA = YES;
				CLANG_WARN_CONSTANT_CONVERSION = YES;
				CLANG_WARN_DEPRECATED_OBJC_IMPLEMENTATIONS = YES;
				CLANG_WARN_DIRECT_OBJC_ISA_USAGE = YES_ERROR;
				CLANG_WARN_DOCUMENTATION_COMMENTS = YES;
				CLANG_WARN_EMPTY_BODY = YES;
				CLANG_WARN_ENUM_CONVERSION = YES;
				CLANG_WARN_INFINITE_RECURSION = YES;
				CLANG_WARN_INT_CONVERSION = YES;
				CLANG_WARN_NON_LITERAL_NULL_CONVERSION = YES;
				CLANG_WARN_OBJC_IMPLICIT_RETAIN_SELF = YES;
				CLANG_WARN_OBJC_LITERAL_CONVERSION = YES;
				CLANG_WARN_OBJC_ROOT_CLASS = YES_ERROR;
				CLANG_WARN_QUOTED_INCLUDE_IN_FRAMEWORK_HEADER = YES;
				CLANG_WARN_RANGE_LOOP_ANALYSIS = YES;
				CLANG_WARN_STRICT_PROTOTYPES = YES;
				CLANG_WARN_SUSPICIOUS_MOVE = YES;
				CLANG_WARN_UNGUARDED_AVAILABILITY = YES_AGGRESSIVE;
				CLANG_WARN_UNREACHABLE_CODE = YES;
				CLANG_WARN__DUPLICATE_METHOD_MATCH = YES;
				COPY_PHASE_STRIP = NO;
				DEBUG_INFORMATION_FORMAT = "dwarf-with-dsym";
				ENABLE_NS_ASSERTIONS = NO;
				ENABLE_STRICT_OBJC_MSGSEND = YES;
				GCC_C_LANGUAGE_STANDARD = gnu11;
				GCC_NO_COMMON_BLOCKS = YES;
				GCC_WARN_64_TO_32_BIT_CONVERSION = YES;
				GCC_WARN_ABOUT_RETURN_TYPE = YES_ERROR;
				GCC_WARN_UNDECLARED_SELECTOR = YES;
				GCC_WARN_UNINITIALIZED_AUTOS = YES_AGGRESSIVE;
				GCC_WARN_UNUSED_FUNCTION = YES;
				GCC_WARN_UNUSED_VARIABLE = YES;
				IPHONEOS_DEPLOYMENT_TARGET = 14.1;
				MTL_ENABLE_DEBUG_INFO = NO;
				MTL_FAST_MATH = YES;
				SDKROOT = iphoneos;
				SWIFT_COMPILATION_MODE = wholemodule;
				SWIFT_OPTIMIZATION_LEVEL = "-O";
				VALIDATE_PRODUCT = YES;
			};
			name = Release;
		};
		D3082C8F2598D78F00C4AE66 /* Debug */ = {
			isa = XCBuildConfiguration;
			buildSettings = {
				ASSETCATALOG_COMPILER_APPICON_NAME = AppIcon;
				ASSETCATALOG_COMPILER_GLOBAL_ACCENT_COLOR_NAME = AccentColor;
				CODE_SIGN_STYLE = Automatic;
				DEVELOPMENT_TEAM = 99QYR59SDR;
				INFOPLIST_FILE = HWSproject/Info.plist;
				LD_RUNPATH_SEARCH_PATHS = (
					"$(inherited)",
					"@executable_path/Frameworks",
				);
				PRODUCT_BUNDLE_IDENTIFIER = com.alyshakt.HWSproject;
				PRODUCT_NAME = "$(TARGET_NAME)";
				SWIFT_VERSION = 5.0;
				TARGETED_DEVICE_FAMILY = "1,2";
			};
			name = Debug;
		};
		D3082C902598D78F00C4AE66 /* Release */ = {
			isa = XCBuildConfiguration;
			buildSettings = {
				ASSETCATALOG_COMPILER_APPICON_NAME = AppIcon;
				ASSETCATALOG_COMPILER_GLOBAL_ACCENT_COLOR_NAME = AccentColor;
				CODE_SIGN_STYLE = Automatic;
				DEVELOPMENT_TEAM = 99QYR59SDR;
				INFOPLIST_FILE = HWSproject/Info.plist;
				LD_RUNPATH_SEARCH_PATHS = (
					"$(inherited)",
					"@executable_path/Frameworks",
				);
				PRODUCT_BUNDLE_IDENTIFIER = com.alyshakt.HWSproject;
				PRODUCT_NAME = "$(TARGET_NAME)";
				SWIFT_VERSION = 5.0;
				TARGETED_DEVICE_FAMILY = "1,2";
			};
			name = Release;
		};
/* End XCBuildConfiguration section */

/* Begin XCConfigurationList section */
		D3082C752598D78D00C4AE66 /* Build configuration list for PBXProject "HWSproject" */ = {
			isa = XCConfigurationList;
			buildConfigurations = (
				D3082C8C2598D78F00C4AE66 /* Debug */,
				D3082C8D2598D78F00C4AE66 /* Release */,
			);
			defaultConfigurationIsVisible = 0;
			defaultConfigurationName = Release;
		};
		D3082C8E2598D78F00C4AE66 /* Build configuration list for PBXNativeTarget "HWSproject" */ = {
			isa = XCConfigurationList;
			buildConfigurations = (
				D3082C8F2598D78F00C4AE66 /* Debug */,
				D3082C902598D78F00C4AE66 /* Release */,
			);
			defaultConfigurationIsVisible = 0;
			defaultConfigurationName = Release;
		};
/* End XCConfigurationList section */
	};
	rootObject = D3082C722598D78D00C4AE66 /* Project object */;
}
